// !$*UTF8*$!
{
	archiveVersion = 1;
	classes = {
	};
	objectVersion = 55;
	objects = {

/* Begin PBXBuildFile section */
		783DECD228617EEB0062343E /* AppDelegate.swift in Sources */ = {isa = PBXBuildFile; fileRef = 783DECD128617EEB0062343E /* AppDelegate.swift */; };
		783DECD428617EEB0062343E /* SceneDelegate.swift in Sources */ = {isa = PBXBuildFile; fileRef = 783DECD328617EEB0062343E /* SceneDelegate.swift */; };
		783DECD628617EEB0062343E /* ViewController.swift in Sources */ = {isa = PBXBuildFile; fileRef = 783DECD528617EEB0062343E /* ViewController.swift */; };
		783DECD928617EEB0062343E /* Main.storyboard in Resources */ = {isa = PBXBuildFile; fileRef = 783DECD728617EEB0062343E /* Main.storyboard */; };
		783DECDB28617EED0062343E /* Assets.xcassets in Resources */ = {isa = PBXBuildFile; fileRef = 783DECDA28617EED0062343E /* Assets.xcassets */; };
		783DECDE28617EED0062343E /* LaunchScreen.storyboard in Resources */ = {isa = PBXBuildFile; fileRef = 783DECDC28617EED0062343E /* LaunchScreen.storyboard */; };
		783DECE928617EED0062343E /* YourTurnTests.swift in Sources */ = {isa = PBXBuildFile; fileRef = 783DECE828617EED0062343E /* YourTurnTests.swift */; };
		783DECF328617EED0062343E /* YourTurnUITests.swift in Sources */ = {isa = PBXBuildFile; fileRef = 783DECF228617EED0062343E /* YourTurnUITests.swift */; };
		783DECF528617EED0062343E /* YourTurnUITestsLaunchTests.swift in Sources */ = {isa = PBXBuildFile; fileRef = 783DECF428617EED0062343E /* YourTurnUITestsLaunchTests.swift */; };
		783DED03286180470062343E /* HomeScreen.swift in Sources */ = {isa = PBXBuildFile; fileRef = 783DED02286180470062343E /* HomeScreen.swift */; };
		783DED062861F4C90062343E /* Extensions.swift in Sources */ = {isa = PBXBuildFile; fileRef = 783DED052861F4C90062343E /* Extensions.swift */; };
		783DED092861F5500062343E /* HomeScreenVM.swift in Sources */ = {isa = PBXBuildFile; fileRef = 783DED082861F5500062343E /* HomeScreenVM.swift */; };
		78477327287687DD009AFC92 /* FormModel.swift in Sources */ = {isa = PBXBuildFile; fileRef = 78477326287687DD009AFC92 /* FormModel.swift */; };
		7847732A28768B69009AFC92 /* TaskAddEditFormContentBuilderImpl.swift in Sources */ = {isa = PBXBuildFile; fileRef = 7847732928768B69009AFC92 /* TaskAddEditFormContentBuilderImpl.swift */; };
		7847732D28768D14009AFC92 /* FormButtonCollectionViewCell.swift in Sources */ = {isa = PBXBuildFile; fileRef = 7847732C28768D14009AFC92 /* FormButtonCollectionViewCell.swift */; };
		78A4E0BD2883B9550067DBCE /* RegexFormItem.swift in Sources */ = {isa = PBXBuildFile; fileRef = 78A4E0BC2883B9550067DBCE /* RegexFormItem.swift */; };
		78A4E0C02883B98F0067DBCE /* ValidationError.swift in Sources */ = {isa = PBXBuildFile; fileRef = 78A4E0BF2883B98F0067DBCE /* ValidationError.swift */; };
		78A4E0C32883BDEA0067DBCE /* RegexPatterns.swift in Sources */ = {isa = PBXBuildFile; fileRef = 78A4E0C22883BDEA0067DBCE /* RegexPatterns.swift */; };
		78BBB8FA286415AF006B3FDC /* API.swift in Sources */ = {isa = PBXBuildFile; fileRef = 78BBB8F9286415AF006B3FDC /* API.swift */; };
		78BBB8FC28642207006B3FDC /* HomeScreenTaskCell.swift in Sources */ = {isa = PBXBuildFile; fileRef = 78BBB8FB28642207006B3FDC /* HomeScreenTaskCell.swift */; };
		78BBEE802862BAB20031976A /* Apollo in Frameworks */ = {isa = PBXBuildFile; productRef = 78BBEE7F2862BAB20031976A /* Apollo */; };
		78BBEE832862BCA20031976A /* Apollo in Frameworks */ = {isa = PBXBuildFile; productRef = 78BBEE822862BCA20031976A /* Apollo */; };
		78BBEE852862BCA20031976A /* ApolloWebSocket in Frameworks */ = {isa = PBXBuildFile; productRef = 78BBEE842862BCA20031976A /* ApolloWebSocket */; };
		78BBEE902862C34B0031976A /* Network.swift in Sources */ = {isa = PBXBuildFile; fileRef = 78BBEE8F2862C34B0031976A /* Network.swift */; };
		78BFFA9E2887784600A767AB /* FormSwitchControlledTextCollectionViewCell.swift in Sources */ = {isa = PBXBuildFile; fileRef = 78BFFA9D2887784600A767AB /* FormSwitchControlledTextCollectionViewCell.swift */; };
		78BFFAA228878DEC00A767AB /* FormCollectionView.swift in Sources */ = {isa = PBXBuildFile; fileRef = 78BFFAA128878DEC00A767AB /* FormCollectionView.swift */; };
		78BFFAA428879A3F00A767AB /* FormSwitchControlledDateCollectionViewCell.swift in Sources */ = {isa = PBXBuildFile; fileRef = 78BFFAA328879A3F00A767AB /* FormSwitchControlledDateCollectionViewCell.swift */; };
		78C4D95D286EAFFC006550A9 /* IntervalPicker.swift in Sources */ = {isa = PBXBuildFile; fileRef = 78C4D95C286EAFFC006550A9 /* IntervalPicker.swift */; };
		78D7C3C028776499001F48C5 /* FormTextCollectionViewCell.swift in Sources */ = {isa = PBXBuildFile; fileRef = 78D7C3BF28776499001F48C5 /* FormTextCollectionViewCell.swift */; };
		78D7C3C22877690B001F48C5 /* FormDateCollectionViewCell.swift in Sources */ = {isa = PBXBuildFile; fileRef = 78D7C3C12877690B001F48C5 /* FormDateCollectionViewCell.swift */; };
		78D7C3C528776F80001F48C5 /* FormCompositionalLayout.swift in Sources */ = {isa = PBXBuildFile; fileRef = 78D7C3C428776F80001F48C5 /* FormCompositionalLayout.swift */; };
		78DAADE52866B61400FEB0DA /* HomeScreenTaskCellVM.swift in Sources */ = {isa = PBXBuildFile; fileRef = 78DAADE42866B61400FEB0DA /* HomeScreenTaskCellVM.swift */; };
		78DAADE72866B64500FEB0DA /* Types.swift in Sources */ = {isa = PBXBuildFile; fileRef = 78DAADE62866B64500FEB0DA /* Types.swift */; };
		78DAADEB2868D36700FEB0DA /* HomeScreenTeamCellVM.swift in Sources */ = {isa = PBXBuildFile; fileRef = 78DAADEA2868D36700FEB0DA /* HomeScreenTeamCellVM.swift */; };
		78DAADED2868D5CF00FEB0DA /* HomeScreenTeamCell.swift in Sources */ = {isa = PBXBuildFile; fileRef = 78DAADEC2868D5CF00FEB0DA /* HomeScreenTeamCell.swift */; };
		78DAADF128695C1500FEB0DA /* GetTeamsByUserId.graphql in Resources */ = {isa = PBXBuildFile; fileRef = 78DAADF028695C1500FEB0DA /* GetTeamsByUserId.graphql */; };
		78DAADF32869617600FEB0DA /* TaskAddEditScreen.swift in Sources */ = {isa = PBXBuildFile; fileRef = 78DAADF22869617500FEB0DA /* TaskAddEditScreen.swift */; };
		78DAADF52869663000FEB0DA /* TaskAddEditScreenVM.swift in Sources */ = {isa = PBXBuildFile; fileRef = 78DAADF42869663000FEB0DA /* TaskAddEditScreenVM.swift */; };
/* End PBXBuildFile section */

/* Begin PBXContainerItemProxy section */
		783DECE528617EED0062343E /* PBXContainerItemProxy */ = {
			isa = PBXContainerItemProxy;
			containerPortal = 783DECC628617EEB0062343E /* Project object */;
			proxyType = 1;
			remoteGlobalIDString = 783DECCD28617EEB0062343E;
			remoteInfo = YourTurn;
		};
		783DECEF28617EED0062343E /* PBXContainerItemProxy */ = {
			isa = PBXContainerItemProxy;
			containerPortal = 783DECC628617EEB0062343E /* Project object */;
			proxyType = 1;
			remoteGlobalIDString = 783DECCD28617EEB0062343E;
			remoteInfo = YourTurn;
		};
/* End PBXContainerItemProxy section */

/* Begin PBXFileReference section */
		783DECCE28617EEB0062343E /* YourTurn.app */ = {isa = PBXFileReference; explicitFileType = wrapper.application; includeInIndex = 0; path = YourTurn.app; sourceTree = BUILT_PRODUCTS_DIR; };
		783DECD128617EEB0062343E /* AppDelegate.swift */ = {isa = PBXFileReference; lastKnownFileType = sourcecode.swift; path = AppDelegate.swift; sourceTree = "<group>"; };
		783DECD328617EEB0062343E /* SceneDelegate.swift */ = {isa = PBXFileReference; lastKnownFileType = sourcecode.swift; path = SceneDelegate.swift; sourceTree = "<group>"; };
		783DECD528617EEB0062343E /* ViewController.swift */ = {isa = PBXFileReference; lastKnownFileType = sourcecode.swift; path = ViewController.swift; sourceTree = "<group>"; };
		783DECD828617EEB0062343E /* Base */ = {isa = PBXFileReference; lastKnownFileType = file.storyboard; name = Base; path = Base.lproj/Main.storyboard; sourceTree = "<group>"; };
		783DECDA28617EED0062343E /* Assets.xcassets */ = {isa = PBXFileReference; lastKnownFileType = folder.assetcatalog; path = Assets.xcassets; sourceTree = "<group>"; };
		783DECDD28617EED0062343E /* Base */ = {isa = PBXFileReference; lastKnownFileType = file.storyboard; name = Base; path = Base.lproj/LaunchScreen.storyboard; sourceTree = "<group>"; };
		783DECDF28617EED0062343E /* Info.plist */ = {isa = PBXFileReference; lastKnownFileType = text.plist.xml; path = Info.plist; sourceTree = "<group>"; };
		783DECE428617EED0062343E /* YourTurnTests.xctest */ = {isa = PBXFileReference; explicitFileType = wrapper.cfbundle; includeInIndex = 0; path = YourTurnTests.xctest; sourceTree = BUILT_PRODUCTS_DIR; };
		783DECE828617EED0062343E /* YourTurnTests.swift */ = {isa = PBXFileReference; lastKnownFileType = sourcecode.swift; path = YourTurnTests.swift; sourceTree = "<group>"; };
		783DECEE28617EED0062343E /* YourTurnUITests.xctest */ = {isa = PBXFileReference; explicitFileType = wrapper.cfbundle; includeInIndex = 0; path = YourTurnUITests.xctest; sourceTree = BUILT_PRODUCTS_DIR; };
		783DECF228617EED0062343E /* YourTurnUITests.swift */ = {isa = PBXFileReference; lastKnownFileType = sourcecode.swift; path = YourTurnUITests.swift; sourceTree = "<group>"; };
		783DECF428617EED0062343E /* YourTurnUITestsLaunchTests.swift */ = {isa = PBXFileReference; lastKnownFileType = sourcecode.swift; path = YourTurnUITestsLaunchTests.swift; sourceTree = "<group>"; };
		783DED02286180470062343E /* HomeScreen.swift */ = {isa = PBXFileReference; lastKnownFileType = sourcecode.swift; path = HomeScreen.swift; sourceTree = "<group>"; };
		783DED052861F4C90062343E /* Extensions.swift */ = {isa = PBXFileReference; lastKnownFileType = sourcecode.swift; path = Extensions.swift; sourceTree = "<group>"; };
		783DED082861F5500062343E /* HomeScreenVM.swift */ = {isa = PBXFileReference; lastKnownFileType = sourcecode.swift; path = HomeScreenVM.swift; sourceTree = "<group>"; };
		78477326287687DD009AFC92 /* FormModel.swift */ = {isa = PBXFileReference; lastKnownFileType = sourcecode.swift; path = FormModel.swift; sourceTree = "<group>"; };
		7847732928768B69009AFC92 /* TaskAddEditFormContentBuilderImpl.swift */ = {isa = PBXFileReference; lastKnownFileType = sourcecode.swift; path = TaskAddEditFormContentBuilderImpl.swift; sourceTree = "<group>"; };
		7847732C28768D14009AFC92 /* FormButtonCollectionViewCell.swift */ = {isa = PBXFileReference; lastKnownFileType = sourcecode.swift; path = FormButtonCollectionViewCell.swift; sourceTree = "<group>"; };
		78A4E0BC2883B9550067DBCE /* RegexFormItem.swift */ = {isa = PBXFileReference; lastKnownFileType = sourcecode.swift; path = RegexFormItem.swift; sourceTree = "<group>"; };
		78A4E0BF2883B98F0067DBCE /* ValidationError.swift */ = {isa = PBXFileReference; lastKnownFileType = sourcecode.swift; path = ValidationError.swift; sourceTree = "<group>"; };
		78A4E0C22883BDEA0067DBCE /* RegexPatterns.swift */ = {isa = PBXFileReference; lastKnownFileType = sourcecode.swift; path = RegexPatterns.swift; sourceTree = "<group>"; };
		78BBB8F62864131C006B3FDC /* GetTasksByAssignedUserId.graphql */ = {isa = PBXFileReference; lastKnownFileType = text; path = GetTasksByAssignedUserId.graphql; sourceTree = "<group>"; };
		78BBB8F9286415AF006B3FDC /* API.swift */ = {isa = PBXFileReference; fileEncoding = 4; lastKnownFileType = sourcecode.swift; path = API.swift; sourceTree = "<group>"; };
		78BBB8FB28642207006B3FDC /* HomeScreenTaskCell.swift */ = {isa = PBXFileReference; lastKnownFileType = sourcecode.swift; path = HomeScreenTaskCell.swift; sourceTree = "<group>"; };
		78BBEE892862C1A10031976A /* schema.json */ = {isa = PBXFileReference; lastKnownFileType = text.json; path = schema.json; sourceTree = "<group>"; };
		78BBEE8F2862C34B0031976A /* Network.swift */ = {isa = PBXFileReference; lastKnownFileType = sourcecode.swift; path = Network.swift; sourceTree = "<group>"; };
		78BFFA9D2887784600A767AB /* FormSwitchControlledTextCollectionViewCell.swift */ = {isa = PBXFileReference; lastKnownFileType = sourcecode.swift; path = FormSwitchControlledTextCollectionViewCell.swift; sourceTree = "<group>"; };
		78BFFAA128878DEC00A767AB /* FormCollectionView.swift */ = {isa = PBXFileReference; lastKnownFileType = sourcecode.swift; path = FormCollectionView.swift; sourceTree = "<group>"; };
		78BFFAA328879A3F00A767AB /* FormSwitchControlledDateCollectionViewCell.swift */ = {isa = PBXFileReference; lastKnownFileType = sourcecode.swift; path = FormSwitchControlledDateCollectionViewCell.swift; sourceTree = "<group>"; };
		78C4D95C286EAFFC006550A9 /* IntervalPicker.swift */ = {isa = PBXFileReference; lastKnownFileType = sourcecode.swift; path = IntervalPicker.swift; sourceTree = "<group>"; };
		78D7C3BF28776499001F48C5 /* FormTextCollectionViewCell.swift */ = {isa = PBXFileReference; lastKnownFileType = sourcecode.swift; path = FormTextCollectionViewCell.swift; sourceTree = "<group>"; };
		78D7C3C12877690B001F48C5 /* FormDateCollectionViewCell.swift */ = {isa = PBXFileReference; lastKnownFileType = sourcecode.swift; path = FormDateCollectionViewCell.swift; sourceTree = "<group>"; };
		78D7C3C428776F80001F48C5 /* FormCompositionalLayout.swift */ = {isa = PBXFileReference; lastKnownFileType = sourcecode.swift; path = FormCompositionalLayout.swift; sourceTree = "<group>"; };
		78DAADE42866B61400FEB0DA /* HomeScreenTaskCellVM.swift */ = {isa = PBXFileReference; lastKnownFileType = sourcecode.swift; path = HomeScreenTaskCellVM.swift; sourceTree = "<group>"; };
		78DAADE62866B64500FEB0DA /* Types.swift */ = {isa = PBXFileReference; lastKnownFileType = sourcecode.swift; path = Types.swift; sourceTree = "<group>"; };
		78DAADEA2868D36700FEB0DA /* HomeScreenTeamCellVM.swift */ = {isa = PBXFileReference; lastKnownFileType = sourcecode.swift; path = HomeScreenTeamCellVM.swift; sourceTree = "<group>"; };
		78DAADEC2868D5CF00FEB0DA /* HomeScreenTeamCell.swift */ = {isa = PBXFileReference; lastKnownFileType = sourcecode.swift; path = HomeScreenTeamCell.swift; sourceTree = "<group>"; };
		78DAADF028695C1500FEB0DA /* GetTeamsByUserId.graphql */ = {isa = PBXFileReference; lastKnownFileType = text; path = GetTeamsByUserId.graphql; sourceTree = "<group>"; };
		78DAADF22869617500FEB0DA /* TaskAddEditScreen.swift */ = {isa = PBXFileReference; lastKnownFileType = sourcecode.swift; path = TaskAddEditScreen.swift; sourceTree = "<group>"; };
		78DAADF42869663000FEB0DA /* TaskAddEditScreenVM.swift */ = {isa = PBXFileReference; lastKnownFileType = sourcecode.swift; path = TaskAddEditScreenVM.swift; sourceTree = "<group>"; };
/* End PBXFileReference section */

/* Begin PBXFrameworksBuildPhase section */
		783DECCB28617EEB0062343E /* Frameworks */ = {
			isa = PBXFrameworksBuildPhase;
			buildActionMask = 2147483647;
			files = (
				78BBEE802862BAB20031976A /* Apollo in Frameworks */,
				78BBEE852862BCA20031976A /* ApolloWebSocket in Frameworks */,
				78BBEE832862BCA20031976A /* Apollo in Frameworks */,
			);
			runOnlyForDeploymentPostprocessing = 0;
		};
		783DECE128617EED0062343E /* Frameworks */ = {
			isa = PBXFrameworksBuildPhase;
			buildActionMask = 2147483647;
			files = (
			);
			runOnlyForDeploymentPostprocessing = 0;
		};
		783DECEB28617EED0062343E /* Frameworks */ = {
			isa = PBXFrameworksBuildPhase;
			buildActionMask = 2147483647;
			files = (
			);
			runOnlyForDeploymentPostprocessing = 0;
		};
/* End PBXFrameworksBuildPhase section */

/* Begin PBXGroup section */
		783DECC528617EEB0062343E = {
			isa = PBXGroup;
			children = (
				783DECD028617EEB0062343E /* YourTurn */,
				783DECE728617EED0062343E /* YourTurnTests */,
				783DECF128617EED0062343E /* YourTurnUITests */,
				783DECCF28617EEB0062343E /* Products */,
			);
			sourceTree = "<group>";
		};
		783DECCF28617EEB0062343E /* Products */ = {
			isa = PBXGroup;
			children = (
				783DECCE28617EEB0062343E /* YourTurn.app */,
				783DECE428617EED0062343E /* YourTurnTests.xctest */,
				783DECEE28617EED0062343E /* YourTurnUITests.xctest */,
			);
			name = Products;
			sourceTree = "<group>";
		};
		783DECD028617EEB0062343E /* YourTurn */ = {
			isa = PBXGroup;
			children = (
				78A4E0BA2883B9420067DBCE /* Regex */,
				78D7C3C328776F41001F48C5 /* Layout */,
				78477325287687D0009AFC92 /* Model */,
				78BBB8F9286415AF006B3FDC /* API.swift */,
				78DAADF028695C1500FEB0DA /* GetTeamsByUserId.graphql */,
				78BBB8F62864131C006B3FDC /* GetTasksByAssignedUserId.graphql */,
				78BBEE892862C1A10031976A /* schema.json */,
				78BBEE8E2862C32E0031976A /* Network */,
				783DED072861F5400062343E /* ViewModels */,
				783DED042861F4BD0062343E /* Utils */,
				783DED0128617F0A0062343E /* Views */,
				783DECD128617EEB0062343E /* AppDelegate.swift */,
				783DECD328617EEB0062343E /* SceneDelegate.swift */,
				783DECD528617EEB0062343E /* ViewController.swift */,
				783DECD728617EEB0062343E /* Main.storyboard */,
				783DECDA28617EED0062343E /* Assets.xcassets */,
				783DECDC28617EED0062343E /* LaunchScreen.storyboard */,
				783DECDF28617EED0062343E /* Info.plist */,
			);
			path = YourTurn;
			sourceTree = "<group>";
		};
		783DECE728617EED0062343E /* YourTurnTests */ = {
			isa = PBXGroup;
			children = (
				783DECE828617EED0062343E /* YourTurnTests.swift */,
			);
			path = YourTurnTests;
			sourceTree = "<group>";
		};
		783DECF128617EED0062343E /* YourTurnUITests */ = {
			isa = PBXGroup;
			children = (
				783DECF228617EED0062343E /* YourTurnUITests.swift */,
				783DECF428617EED0062343E /* YourTurnUITestsLaunchTests.swift */,
			);
			path = YourTurnUITests;
			sourceTree = "<group>";
		};
		783DED0128617F0A0062343E /* Views */ = {
			isa = PBXGroup;
			children = (
				78C4D95B286EAFD7006550A9 /* Common */,
				78BBB8FD286422DF006B3FDC /* Cells */,
				783DED02286180470062343E /* HomeScreen.swift */,
				78DAADF22869617500FEB0DA /* TaskAddEditScreen.swift */,
				78BFFAA128878DEC00A767AB /* FormCollectionView.swift */,
			);
			path = Views;
			sourceTree = "<group>";
		};
		783DED042861F4BD0062343E /* Utils */ = {
			isa = PBXGroup;
			children = (
				783DED052861F4C90062343E /* Extensions.swift */,
				78DAADE62866B64500FEB0DA /* Types.swift */,
			);
			path = Utils;
			sourceTree = "<group>";
		};
		783DED072861F5400062343E /* ViewModels */ = {
			isa = PBXGroup;
			children = (
				78DAADE32866B60200FEB0DA /* CellVMs */,
				783DED082861F5500062343E /* HomeScreenVM.swift */,
				78DAADF42869663000FEB0DA /* TaskAddEditScreenVM.swift */,
				7847732928768B69009AFC92 /* TaskAddEditFormContentBuilderImpl.swift */,
			);
			path = ViewModels;
			sourceTree = "<group>";
		};
		78477325287687D0009AFC92 /* Model */ = {
			isa = PBXGroup;
			children = (
				78477326287687DD009AFC92 /* FormModel.swift */,
			);
			path = Model;
			sourceTree = "<group>";
		};
		7847732B28768CE9009AFC92 /* CollectionView */ = {
			isa = PBXGroup;
			children = (
				7847732C28768D14009AFC92 /* FormButtonCollectionViewCell.swift */,
				78D7C3BF28776499001F48C5 /* FormTextCollectionViewCell.swift */,
				78D7C3C12877690B001F48C5 /* FormDateCollectionViewCell.swift */,
				78BFFA9D2887784600A767AB /* FormSwitchControlledTextCollectionViewCell.swift */,
				78BFFAA328879A3F00A767AB /* FormSwitchControlledDateCollectionViewCell.swift */,
			);
			path = CollectionView;
			sourceTree = "<group>";
		};
		78A4E0BA2883B9420067DBCE /* Regex */ = {
			isa = PBXGroup;
			children = (
				78A4E0C12883BDDB0067DBCE /* Patterns */,
				78A4E0BE2883B97C0067DBCE /* Error */,
				78A4E0BB2883B9490067DBCE /* Model */,
			);
			path = Regex;
			sourceTree = "<group>";
		};
		78A4E0BB2883B9490067DBCE /* Model */ = {
			isa = PBXGroup;
			children = (
				78A4E0BC2883B9550067DBCE /* RegexFormItem.swift */,
			);
			path = Model;
			sourceTree = "<group>";
		};
		78A4E0BE2883B97C0067DBCE /* Error */ = {
			isa = PBXGroup;
			children = (
				78A4E0BF2883B98F0067DBCE /* ValidationError.swift */,
			);
			path = Error;
			sourceTree = "<group>";
		};
		78A4E0C12883BDDB0067DBCE /* Patterns */ = {
			isa = PBXGroup;
			children = (
				78A4E0C22883BDEA0067DBCE /* RegexPatterns.swift */,
			);
			path = Patterns;
			sourceTree = "<group>";
		};
		78BBB8FD286422DF006B3FDC /* Cells */ = {
			isa = PBXGroup;
			children = (
				7847732B28768CE9009AFC92 /* CollectionView */,
				78BBB8FB28642207006B3FDC /* HomeScreenTaskCell.swift */,
				78DAADEC2868D5CF00FEB0DA /* HomeScreenTeamCell.swift */,
			);
			path = Cells;
			sourceTree = "<group>";
		};
		78BBEE8E2862C32E0031976A /* Network */ = {
			isa = PBXGroup;
			children = (
				78BBEE8F2862C34B0031976A /* Network.swift */,
			);
			path = Network;
			sourceTree = "<group>";
		};
		78C4D95B286EAFD7006550A9 /* Common */ = {
			isa = PBXGroup;
			children = (
				78C4D95C286EAFFC006550A9 /* IntervalPicker.swift */,
			);
			path = Common;
			sourceTree = "<group>";
		};
		78D7C3C328776F41001F48C5 /* Layout */ = {
			isa = PBXGroup;
			children = (
				78D7C3C428776F80001F48C5 /* FormCompositionalLayout.swift */,
			);
			path = Layout;
			sourceTree = "<group>";
		};
		78DAADE32866B60200FEB0DA /* CellVMs */ = {
			isa = PBXGroup;
			children = (
				78DAADE42866B61400FEB0DA /* HomeScreenTaskCellVM.swift */,
				78DAADEA2868D36700FEB0DA /* HomeScreenTeamCellVM.swift */,
			);
			path = CellVMs;
			sourceTree = "<group>";
		};
/* End PBXGroup section */

/* Begin PBXNativeTarget section */
		783DECCD28617EEB0062343E /* YourTurn */ = {
			isa = PBXNativeTarget;
			buildConfigurationList = 783DECF828617EED0062343E /* Build configuration list for PBXNativeTarget "YourTurn" */;
			buildPhases = (
				78BBEE882862BFE70031976A /* Apollo */,
				783DECCA28617EEB0062343E /* Sources */,
				783DECCB28617EEB0062343E /* Frameworks */,
				783DECCC28617EEB0062343E /* Resources */,
			);
			buildRules = (
			);
			dependencies = (
			);
			name = YourTurn;
			packageProductDependencies = (
				78BBEE7F2862BAB20031976A /* Apollo */,
				78BBEE822862BCA20031976A /* Apollo */,
				78BBEE842862BCA20031976A /* ApolloWebSocket */,
			);
			productName = YourTurn;
			productReference = 783DECCE28617EEB0062343E /* YourTurn.app */;
			productType = "com.apple.product-type.application";
		};
		783DECE328617EED0062343E /* YourTurnTests */ = {
			isa = PBXNativeTarget;
			buildConfigurationList = 783DECFB28617EED0062343E /* Build configuration list for PBXNativeTarget "YourTurnTests" */;
			buildPhases = (
				783DECE028617EED0062343E /* Sources */,
				783DECE128617EED0062343E /* Frameworks */,
				783DECE228617EED0062343E /* Resources */,
			);
			buildRules = (
			);
			dependencies = (
				783DECE628617EED0062343E /* PBXTargetDependency */,
			);
			name = YourTurnTests;
			productName = YourTurnTests;
			productReference = 783DECE428617EED0062343E /* YourTurnTests.xctest */;
			productType = "com.apple.product-type.bundle.unit-test";
		};
		783DECED28617EED0062343E /* YourTurnUITests */ = {
			isa = PBXNativeTarget;
			buildConfigurationList = 783DECFE28617EED0062343E /* Build configuration list for PBXNativeTarget "YourTurnUITests" */;
			buildPhases = (
				783DECEA28617EED0062343E /* Sources */,
				783DECEB28617EED0062343E /* Frameworks */,
				783DECEC28617EED0062343E /* Resources */,
			);
			buildRules = (
			);
			dependencies = (
				783DECF028617EED0062343E /* PBXTargetDependency */,
			);
			name = YourTurnUITests;
			productName = YourTurnUITests;
			productReference = 783DECEE28617EED0062343E /* YourTurnUITests.xctest */;
			productType = "com.apple.product-type.bundle.ui-testing";
		};
/* End PBXNativeTarget section */

/* Begin PBXProject section */
		783DECC628617EEB0062343E /* Project object */ = {
			isa = PBXProject;
			attributes = {
				BuildIndependentTargetsInParallel = 1;
				LastSwiftUpdateCheck = 1340;
				LastUpgradeCheck = 1340;
				TargetAttributes = {
					783DECCD28617EEB0062343E = {
						CreatedOnToolsVersion = 13.4.1;
					};
					783DECE328617EED0062343E = {
						CreatedOnToolsVersion = 13.4.1;
						TestTargetID = 783DECCD28617EEB0062343E;
					};
					783DECED28617EED0062343E = {
						CreatedOnToolsVersion = 13.4.1;
						TestTargetID = 783DECCD28617EEB0062343E;
					};
				};
			};
			buildConfigurationList = 783DECC928617EEB0062343E /* Build configuration list for PBXProject "YourTurn" */;
			compatibilityVersion = "Xcode 13.0";
			developmentRegion = en;
			hasScannedForEncodings = 0;
			knownRegions = (
				en,
				Base,
			);
			mainGroup = 783DECC528617EEB0062343E;
			packageReferences = (
				78BBEE7E2862BAB20031976A /* XCRemoteSwiftPackageReference "apollo-ios" */,
				78BBEE812862BCA20031976A /* XCRemoteSwiftPackageReference "apollo-ios" */,
			);
			productRefGroup = 783DECCF28617EEB0062343E /* Products */;
			projectDirPath = "";
			projectRoot = "";
			targets = (
				783DECCD28617EEB0062343E /* YourTurn */,
				783DECE328617EED0062343E /* YourTurnTests */,
				783DECED28617EED0062343E /* YourTurnUITests */,
			);
		};
/* End PBXProject section */

/* Begin PBXResourcesBuildPhase section */
		783DECCC28617EEB0062343E /* Resources */ = {
			isa = PBXResourcesBuildPhase;
			buildActionMask = 2147483647;
			files = (
				78DAADF128695C1500FEB0DA /* GetTeamsByUserId.graphql in Resources */,
				783DECDE28617EED0062343E /* LaunchScreen.storyboard in Resources */,
				783DECDB28617EED0062343E /* Assets.xcassets in Resources */,
				783DECD928617EEB0062343E /* Main.storyboard in Resources */,
			);
			runOnlyForDeploymentPostprocessing = 0;
		};
		783DECE228617EED0062343E /* Resources */ = {
			isa = PBXResourcesBuildPhase;
			buildActionMask = 2147483647;
			files = (
			);
			runOnlyForDeploymentPostprocessing = 0;
		};
		783DECEC28617EED0062343E /* Resources */ = {
			isa = PBXResourcesBuildPhase;
			buildActionMask = 2147483647;
			files = (
			);
			runOnlyForDeploymentPostprocessing = 0;
		};
/* End PBXResourcesBuildPhase section */

/* Begin PBXShellScriptBuildPhase section */
		78BBEE882862BFE70031976A /* Apollo */ = {
			isa = PBXShellScriptBuildPhase;
			buildActionMask = 2147483647;
			files = (
			);
			inputFileListPaths = (
			);
			inputPaths = (
			);
			name = Apollo;
			outputFileListPaths = (
			);
			outputPaths = (
			);
			runOnlyForDeploymentPostprocessing = 0;
			shellPath = /bin/sh;
			shellScript = "# Don't run this during index builds\nif [ $ACTION = \"indexbuild\" ]; then exit 0; fi\n\n# Go to the build root and search up the chain to find the Derived Data Path where the source packages are checked out.\nDERIVED_DATA_CANDIDATE=\"${BUILD_ROOT}\"\n\nwhile ! [ -d \"${DERIVED_DATA_CANDIDATE}/SourcePackages\" ]; do\n  if [ \"${DERIVED_DATA_CANDIDATE}\" = / ]; then\n    echo >&2 \"error: Unable to locate SourcePackages directory from BUILD_ROOT: '${BUILD_ROOT}'\"\n    exit 1\n  fi\n\n  DERIVED_DATA_CANDIDATE=\"$(dirname \"${DERIVED_DATA_CANDIDATE}\")\"\ndone\n\n# Grab a reference to the directory where scripts are checked out\nSCRIPT_PATH=\"${DERIVED_DATA_CANDIDATE}/SourcePackages/checkouts/apollo-ios/scripts\"\n\nif [ -z \"${SCRIPT_PATH}\" ]; then\n    echo >&2 \"error: Couldn't find the CLI script in your checked out SPM packages; make sure to add the framework to your project.\"\n    exit 1\nfi\n\ncd \"${SRCROOT}/${TARGET_NAME}\"\n\"${SCRIPT_PATH}\"/run-bundled-codegen.sh schema:download --endpoint=\"http://localhost:3000/graphql\"\n\n\"${SCRIPT_PATH}\"/run-bundled-codegen.sh codegen:generate --target=swift --includes=./**/*.graphql --localSchemaFile=\"schema.json\" API.swift\n\n\n";
		};
/* End PBXShellScriptBuildPhase section */

/* Begin PBXSourcesBuildPhase section */
		783DECCA28617EEB0062343E /* Sources */ = {
			isa = PBXSourcesBuildPhase;
			buildActionMask = 2147483647;
			files = (
				78BFFAA428879A3F00A767AB /* FormSwitchControlledDateCollectionViewCell.swift in Sources */,
				78A4E0C32883BDEA0067DBCE /* RegexPatterns.swift in Sources */,
				783DED062861F4C90062343E /* Extensions.swift in Sources */,
				78D7C3C528776F80001F48C5 /* FormCompositionalLayout.swift in Sources */,
				78D7C3C22877690B001F48C5 /* FormDateCollectionViewCell.swift in Sources */,
				78BBB8FC28642207006B3FDC /* HomeScreenTaskCell.swift in Sources */,
				78C4D95D286EAFFC006550A9 /* IntervalPicker.swift in Sources */,
				78A4E0C02883B98F0067DBCE /* ValidationError.swift in Sources */,
				78BFFA9E2887784600A767AB /* FormSwitchControlledTextCollectionViewCell.swift in Sources */,
				783DED092861F5500062343E /* HomeScreenVM.swift in Sources */,
				78BBEE902862C34B0031976A /* Network.swift in Sources */,
				78DAADEB2868D36700FEB0DA /* HomeScreenTeamCellVM.swift in Sources */,
				783DED03286180470062343E /* HomeScreen.swift in Sources */,
				783DECD628617EEB0062343E /* ViewController.swift in Sources */,
				78DAADED2868D5CF00FEB0DA /* HomeScreenTeamCell.swift in Sources */,
				78DAADE52866B61400FEB0DA /* HomeScreenTaskCellVM.swift in Sources */,
				783DECD228617EEB0062343E /* AppDelegate.swift in Sources */,
				7847732A28768B69009AFC92 /* TaskAddEditFormContentBuilderImpl.swift in Sources */,
				78A4E0BD2883B9550067DBCE /* RegexFormItem.swift in Sources */,
				78BFFAA228878DEC00A767AB /* FormCollectionView.swift in Sources */,
				78BBB8FA286415AF006B3FDC /* API.swift in Sources */,
				78477327287687DD009AFC92 /* FormModel.swift in Sources */,
				78D7C3C028776499001F48C5 /* FormTextCollectionViewCell.swift in Sources */,
				78DAADF52869663000FEB0DA /* TaskAddEditScreenVM.swift in Sources */,
				78DAADE72866B64500FEB0DA /* Types.swift in Sources */,
				78DAADF32869617600FEB0DA /* TaskAddEditScreen.swift in Sources */,
				783DECD428617EEB0062343E /* SceneDelegate.swift in Sources */,
				7847732D28768D14009AFC92 /* FormButtonCollectionViewCell.swift in Sources */,
			);
			runOnlyForDeploymentPostprocessing = 0;
		};
		783DECE028617EED0062343E /* Sources */ = {
			isa = PBXSourcesBuildPhase;
			buildActionMask = 2147483647;
			files = (
				783DECE928617EED0062343E /* YourTurnTests.swift in Sources */,
			);
			runOnlyForDeploymentPostprocessing = 0;
		};
		783DECEA28617EED0062343E /* Sources */ = {
			isa = PBXSourcesBuildPhase;
			buildActionMask = 2147483647;
			files = (
				783DECF528617EED0062343E /* YourTurnUITestsLaunchTests.swift in Sources */,
				783DECF328617EED0062343E /* YourTurnUITests.swift in Sources */,
			);
			runOnlyForDeploymentPostprocessing = 0;
		};
/* End PBXSourcesBuildPhase section */

/* Begin PBXTargetDependency section */
		783DECE628617EED0062343E /* PBXTargetDependency */ = {
			isa = PBXTargetDependency;
			target = 783DECCD28617EEB0062343E /* YourTurn */;
			targetProxy = 783DECE528617EED0062343E /* PBXContainerItemProxy */;
		};
		783DECF028617EED0062343E /* PBXTargetDependency */ = {
			isa = PBXTargetDependency;
			target = 783DECCD28617EEB0062343E /* YourTurn */;
			targetProxy = 783DECEF28617EED0062343E /* PBXContainerItemProxy */;
		};
/* End PBXTargetDependency section */

/* Begin PBXVariantGroup section */
		783DECD728617EEB0062343E /* Main.storyboard */ = {
			isa = PBXVariantGroup;
			children = (
				783DECD828617EEB0062343E /* Base */,
			);
			name = Main.storyboard;
			sourceTree = "<group>";
		};
		783DECDC28617EED0062343E /* LaunchScreen.storyboard */ = {
			isa = PBXVariantGroup;
			children = (
				783DECDD28617EED0062343E /* Base */,
			);
			name = LaunchScreen.storyboard;
			sourceTree = "<group>";
		};
/* End PBXVariantGroup section */

/* Begin XCBuildConfiguration section */
		783DECF628617EED0062343E /* Debug */ = {
			isa = XCBuildConfiguration;
			buildSettings = {
				ALWAYS_SEARCH_USER_PATHS = NO;
				CLANG_ANALYZER_NONNULL = YES;
				CLANG_ANALYZER_NUMBER_OBJECT_CONVERSION = YES_AGGRESSIVE;
				CLANG_CXX_LANGUAGE_STANDARD = "gnu++17";
				CLANG_ENABLE_MODULES = YES;
				CLANG_ENABLE_OBJC_ARC = YES;
				CLANG_ENABLE_OBJC_WEAK = YES;
				CLANG_WARN_BLOCK_CAPTURE_AUTORELEASING = YES;
				CLANG_WARN_BOOL_CONVERSION = YES;
				CLANG_WARN_COMMA = YES;
				CLANG_WARN_CONSTANT_CONVERSION = YES;
				CLANG_WARN_DEPRECATED_OBJC_IMPLEMENTATIONS = YES;
				CLANG_WARN_DIRECT_OBJC_ISA_USAGE = YES_ERROR;
				CLANG_WARN_DOCUMENTATION_COMMENTS = YES;
				CLANG_WARN_EMPTY_BODY = YES;
				CLANG_WARN_ENUM_CONVERSION = YES;
				CLANG_WARN_INFINITE_RECURSION = YES;
				CLANG_WARN_INT_CONVERSION = YES;
				CLANG_WARN_NON_LITERAL_NULL_CONVERSION = YES;
				CLANG_WARN_OBJC_IMPLICIT_RETAIN_SELF = YES;
				CLANG_WARN_OBJC_LITERAL_CONVERSION = YES;
				CLANG_WARN_OBJC_ROOT_CLASS = YES_ERROR;
				CLANG_WARN_QUOTED_INCLUDE_IN_FRAMEWORK_HEADER = YES;
				CLANG_WARN_RANGE_LOOP_ANALYSIS = YES;
				CLANG_WARN_STRICT_PROTOTYPES = YES;
				CLANG_WARN_SUSPICIOUS_MOVE = YES;
				CLANG_WARN_UNGUARDED_AVAILABILITY = YES_AGGRESSIVE;
				CLANG_WARN_UNREACHABLE_CODE = YES;
				CLANG_WARN__DUPLICATE_METHOD_MATCH = YES;
				COPY_PHASE_STRIP = NO;
				DEBUG_INFORMATION_FORMAT = dwarf;
				ENABLE_STRICT_OBJC_MSGSEND = YES;
				ENABLE_TESTABILITY = YES;
				GCC_C_LANGUAGE_STANDARD = gnu11;
				GCC_DYNAMIC_NO_PIC = NO;
				GCC_NO_COMMON_BLOCKS = YES;
				GCC_OPTIMIZATION_LEVEL = 0;
				GCC_PREPROCESSOR_DEFINITIONS = (
					"DEBUG=1",
					"$(inherited)",
				);
				GCC_WARN_64_TO_32_BIT_CONVERSION = YES;
				GCC_WARN_ABOUT_RETURN_TYPE = YES_ERROR;
				GCC_WARN_UNDECLARED_SELECTOR = YES;
				GCC_WARN_UNINITIALIZED_AUTOS = YES_AGGRESSIVE;
				GCC_WARN_UNUSED_FUNCTION = YES;
				GCC_WARN_UNUSED_VARIABLE = YES;
				IPHONEOS_DEPLOYMENT_TARGET = 15.5;
				MTL_ENABLE_DEBUG_INFO = INCLUDE_SOURCE;
				MTL_FAST_MATH = YES;
				ONLY_ACTIVE_ARCH = YES;
				SDKROOT = iphoneos;
				SWIFT_ACTIVE_COMPILATION_CONDITIONS = DEBUG;
				SWIFT_OPTIMIZATION_LEVEL = "-Onone";
			};
			name = Debug;
		};
		783DECF728617EED0062343E /* Release */ = {
			isa = XCBuildConfiguration;
			buildSettings = {
				ALWAYS_SEARCH_USER_PATHS = NO;
				CLANG_ANALYZER_NONNULL = YES;
				CLANG_ANALYZER_NUMBER_OBJECT_CONVERSION = YES_AGGRESSIVE;
				CLANG_CXX_LANGUAGE_STANDARD = "gnu++17";
				CLANG_ENABLE_MODULES = YES;
				CLANG_ENABLE_OBJC_ARC = YES;
				CLANG_ENABLE_OBJC_WEAK = YES;
				CLANG_WARN_BLOCK_CAPTURE_AUTORELEASING = YES;
				CLANG_WARN_BOOL_CONVERSION = YES;
				CLANG_WARN_COMMA = YES;
				CLANG_WARN_CONSTANT_CONVERSION = YES;
				CLANG_WARN_DEPRECATED_OBJC_IMPLEMENTATIONS = YES;
				CLANG_WARN_DIRECT_OBJC_ISA_USAGE = YES_ERROR;
				CLANG_WARN_DOCUMENTATION_COMMENTS = YES;
				CLANG_WARN_EMPTY_BODY = YES;
				CLANG_WARN_ENUM_CONVERSION = YES;
				CLANG_WARN_INFINITE_RECURSION = YES;
				CLANG_WARN_INT_CONVERSION = YES;
				CLANG_WARN_NON_LITERAL_NULL_CONVERSION = YES;
				CLANG_WARN_OBJC_IMPLICIT_RETAIN_SELF = YES;
				CLANG_WARN_OBJC_LITERAL_CONVERSION = YES;
				CLANG_WARN_OBJC_ROOT_CLASS = YES_ERROR;
				CLANG_WARN_QUOTED_INCLUDE_IN_FRAMEWORK_HEADER = YES;
				CLANG_WARN_RANGE_LOOP_ANALYSIS = YES;
				CLANG_WARN_STRICT_PROTOTYPES = YES;
				CLANG_WARN_SUSPICIOUS_MOVE = YES;
				CLANG_WARN_UNGUARDED_AVAILABILITY = YES_AGGRESSIVE;
				CLANG_WARN_UNREACHABLE_CODE = YES;
				CLANG_WARN__DUPLICATE_METHOD_MATCH = YES;
				COPY_PHASE_STRIP = NO;
				DEBUG_INFORMATION_FORMAT = "dwarf-with-dsym";
				ENABLE_NS_ASSERTIONS = NO;
				ENABLE_STRICT_OBJC_MSGSEND = YES;
				GCC_C_LANGUAGE_STANDARD = gnu11;
				GCC_NO_COMMON_BLOCKS = YES;
				GCC_WARN_64_TO_32_BIT_CONVERSION = YES;
				GCC_WARN_ABOUT_RETURN_TYPE = YES_ERROR;
				GCC_WARN_UNDECLARED_SELECTOR = YES;
				GCC_WARN_UNINITIALIZED_AUTOS = YES_AGGRESSIVE;
				GCC_WARN_UNUSED_FUNCTION = YES;
				GCC_WARN_UNUSED_VARIABLE = YES;
				IPHONEOS_DEPLOYMENT_TARGET = 15.5;
				MTL_ENABLE_DEBUG_INFO = NO;
				MTL_FAST_MATH = YES;
				SDKROOT = iphoneos;
				SWIFT_COMPILATION_MODE = wholemodule;
				SWIFT_OPTIMIZATION_LEVEL = "-O";
				VALIDATE_PRODUCT = YES;
			};
			name = Release;
		};
		783DECF928617EED0062343E /* Debug */ = {
			isa = XCBuildConfiguration;
			buildSettings = {
				ASSETCATALOG_COMPILER_APPICON_NAME = AppIcon;
				ASSETCATALOG_COMPILER_GLOBAL_ACCENT_COLOR_NAME = AccentColor;
				CODE_SIGN_STYLE = Automatic;
				CURRENT_PROJECT_VERSION = 1;
				GENERATE_INFOPLIST_FILE = YES;
				INFOPLIST_FILE = YourTurn/Info.plist;
				INFOPLIST_KEY_UIApplicationSupportsIndirectInputEvents = YES;
				INFOPLIST_KEY_UILaunchStoryboardName = LaunchScreen;
				INFOPLIST_KEY_UIMainStoryboardFile = Main;
				INFOPLIST_KEY_UISupportedInterfaceOrientations_iPad = "UIInterfaceOrientationPortrait UIInterfaceOrientationPortraitUpsideDown UIInterfaceOrientationLandscapeLeft UIInterfaceOrientationLandscapeRight";
				INFOPLIST_KEY_UISupportedInterfaceOrientations_iPhone = "UIInterfaceOrientationPortrait UIInterfaceOrientationLandscapeLeft UIInterfaceOrientationLandscapeRight";
				LD_RUNPATH_SEARCH_PATHS = (
					"$(inherited)",
					"@executable_path/Frameworks",
				);
				MARKETING_VERSION = 1.0;
				PRODUCT_BUNDLE_IDENTIFIER = com.rjs.YourTurn;
				PRODUCT_NAME = "$(TARGET_NAME)";
				SWIFT_EMIT_LOC_STRINGS = YES;
				SWIFT_VERSION = 5.0;
				TARGETED_DEVICE_FAMILY = "1,2";
			};
			name = Debug;
		};
		783DECFA28617EED0062343E /* Release */ = {
			isa = XCBuildConfiguration;
			buildSettings = {
				ASSETCATALOG_COMPILER_APPICON_NAME = AppIcon;
				ASSETCATALOG_COMPILER_GLOBAL_ACCENT_COLOR_NAME = AccentColor;
				CODE_SIGN_STYLE = Automatic;
				CURRENT_PROJECT_VERSION = 1;
				GENERATE_INFOPLIST_FILE = YES;
				INFOPLIST_FILE = YourTurn/Info.plist;
				INFOPLIST_KEY_UIApplicationSupportsIndirectInputEvents = YES;
				INFOPLIST_KEY_UILaunchStoryboardName = LaunchScreen;
				INFOPLIST_KEY_UIMainStoryboardFile = Main;
				INFOPLIST_KEY_UISupportedInterfaceOrientations_iPad = "UIInterfaceOrientationPortrait UIInterfaceOrientationPortraitUpsideDown UIInterfaceOrientationLandscapeLeft UIInterfaceOrientationLandscapeRight";
				INFOPLIST_KEY_UISupportedInterfaceOrientations_iPhone = "UIInterfaceOrientationPortrait UIInterfaceOrientationLandscapeLeft UIInterfaceOrientationLandscapeRight";
				LD_RUNPATH_SEARCH_PATHS = (
					"$(inherited)",
					"@executable_path/Frameworks",
				);
				MARKETING_VERSION = 1.0;
				PRODUCT_BUNDLE_IDENTIFIER = com.rjs.YourTurn;
				PRODUCT_NAME = "$(TARGET_NAME)";
				SWIFT_EMIT_LOC_STRINGS = YES;
				SWIFT_VERSION = 5.0;
				TARGETED_DEVICE_FAMILY = "1,2";
			};
			name = Release;
		};
		783DECFC28617EED0062343E /* Debug */ = {
			isa = XCBuildConfiguration;
			buildSettings = {
				ALWAYS_EMBED_SWIFT_STANDARD_LIBRARIES = YES;
				BUNDLE_LOADER = "$(TEST_HOST)";
				CODE_SIGN_STYLE = Automatic;
				CURRENT_PROJECT_VERSION = 1;
				GENERATE_INFOPLIST_FILE = YES;
				IPHONEOS_DEPLOYMENT_TARGET = 15.5;
				MARKETING_VERSION = 1.0;
				PRODUCT_BUNDLE_IDENTIFIER = com.rjs.YourTurnTests;
				PRODUCT_NAME = "$(TARGET_NAME)";
				SWIFT_EMIT_LOC_STRINGS = NO;
				SWIFT_VERSION = 5.0;
				TARGETED_DEVICE_FAMILY = "1,2";
				TEST_HOST = "$(BUILT_PRODUCTS_DIR)/YourTurn.app/YourTurn";
			};
			name = Debug;
		};
		783DECFD28617EED0062343E /* Release */ = {
			isa = XCBuildConfiguration;
			buildSettings = {
				ALWAYS_EMBED_SWIFT_STANDARD_LIBRARIES = YES;
				BUNDLE_LOADER = "$(TEST_HOST)";
				CODE_SIGN_STYLE = Automatic;
				CURRENT_PROJECT_VERSION = 1;
				GENERATE_INFOPLIST_FILE = YES;
				IPHONEOS_DEPLOYMENT_TARGET = 15.5;
				MARKETING_VERSION = 1.0;
				PRODUCT_BUNDLE_IDENTIFIER = com.rjs.YourTurnTests;
				PRODUCT_NAME = "$(TARGET_NAME)";
				SWIFT_EMIT_LOC_STRINGS = NO;
				SWIFT_VERSION = 5.0;
				TARGETED_DEVICE_FAMILY = "1,2";
				TEST_HOST = "$(BUILT_PRODUCTS_DIR)/YourTurn.app/YourTurn";
			};
			name = Release;
		};
		783DECFF28617EED0062343E /* Debug */ = {
			isa = XCBuildConfiguration;
			buildSettings = {
				ALWAYS_EMBED_SWIFT_STANDARD_LIBRARIES = YES;
				CODE_SIGN_STYLE = Automatic;
				CURRENT_PROJECT_VERSION = 1;
				GENERATE_INFOPLIST_FILE = YES;
				MARKETING_VERSION = 1.0;
				PRODUCT_BUNDLE_IDENTIFIER = com.rjs.YourTurnUITests;
				PRODUCT_NAME = "$(TARGET_NAME)";
				SWIFT_EMIT_LOC_STRINGS = NO;
				SWIFT_VERSION = 5.0;
				TARGETED_DEVICE_FAMILY = "1,2";
				TEST_TARGET_NAME = YourTurn;
			};
			name = Debug;
		};
		783DED0028617EED0062343E /* Release */ = {
			isa = XCBuildConfiguration;
			buildSettings = {
				ALWAYS_EMBED_SWIFT_STANDARD_LIBRARIES = YES;
				CODE_SIGN_STYLE = Automatic;
				CURRENT_PROJECT_VERSION = 1;
				GENERATE_INFOPLIST_FILE = YES;
				MARKETING_VERSION = 1.0;
				PRODUCT_BUNDLE_IDENTIFIER = com.rjs.YourTurnUITests;
				PRODUCT_NAME = "$(TARGET_NAME)";
				SWIFT_EMIT_LOC_STRINGS = NO;
				SWIFT_VERSION = 5.0;
				TARGETED_DEVICE_FAMILY = "1,2";
				TEST_TARGET_NAME = YourTurn;
			};
			name = Release;
		};
/* End XCBuildConfiguration section */

/* Begin XCConfigurationList section */
		783DECC928617EEB0062343E /* Build configuration list for PBXProject "YourTurn" */ = {
			isa = XCConfigurationList;
			buildConfigurations = (
				783DECF628617EED0062343E /* Debug */,
				783DECF728617EED0062343E /* Release */,
			);
			defaultConfigurationIsVisible = 0;
			defaultConfigurationName = Release;
		};
		783DECF828617EED0062343E /* Build configuration list for PBXNativeTarget "YourTurn" */ = {
			isa = XCConfigurationList;
			buildConfigurations = (
				783DECF928617EED0062343E /* Debug */,
				783DECFA28617EED0062343E /* Release */,
			);
			defaultConfigurationIsVisible = 0;
			defaultConfigurationName = Release;
		};
		783DECFB28617EED0062343E /* Build configuration list for PBXNativeTarget "YourTurnTests" */ = {
			isa = XCConfigurationList;
			buildConfigurations = (
				783DECFC28617EED0062343E /* Debug */,
				783DECFD28617EED0062343E /* Release */,
			);
			defaultConfigurationIsVisible = 0;
			defaultConfigurationName = Release;
		};
		783DECFE28617EED0062343E /* Build configuration list for PBXNativeTarget "YourTurnUITests" */ = {
			isa = XCConfigurationList;
			buildConfigurations = (
				783DECFF28617EED0062343E /* Debug */,
				783DED0028617EED0062343E /* Release */,
			);
			defaultConfigurationIsVisible = 0;
			defaultConfigurationName = Release;
		};
/* End XCConfigurationList section */

/* Begin XCRemoteSwiftPackageReference section */
		78BBEE7E2862BAB20031976A /* XCRemoteSwiftPackageReference "apollo-ios" */ = {
			isa = XCRemoteSwiftPackageReference;
			repositoryURL = "https://github.com/apollographql/apollo-ios.git";
			requirement = {
				kind = upToNextMajorVersion;
				minimumVersion = 0.9.5;
			};
		};
		78BBEE812862BCA20031976A /* XCRemoteSwiftPackageReference "apollo-ios" */ = {
			isa = XCRemoteSwiftPackageReference;
			repositoryURL = "https://github.com/apollographql/apollo-ios.git";
			requirement = {
				branch = main;
				kind = branch;
			};
		};
/* End XCRemoteSwiftPackageReference section */

/* Begin XCSwiftPackageProductDependency section */
		78BBEE7F2862BAB20031976A /* Apollo */ = {
			isa = XCSwiftPackageProductDependency;
			package = 78BBEE7E2862BAB20031976A /* XCRemoteSwiftPackageReference "apollo-ios" */;
			productName = Apollo;
		};
		78BBEE822862BCA20031976A /* Apollo */ = {
			isa = XCSwiftPackageProductDependency;
			package = 78BBEE812862BCA20031976A /* XCRemoteSwiftPackageReference "apollo-ios" */;
			productName = Apollo;
		};
		78BBEE842862BCA20031976A /* ApolloWebSocket */ = {
			isa = XCSwiftPackageProductDependency;
			package = 78BBEE812862BCA20031976A /* XCRemoteSwiftPackageReference "apollo-ios" */;
			productName = ApolloWebSocket;
		};
/* End XCSwiftPackageProductDependency section */
	};
	rootObject = 783DECC628617EEB0062343E /* Project object */;
}
